{
  "requires": true,
  "lockfileVersion": 1,
  "dependencies": {
    "@ckeditor/ckeditor5-adapter-ckfinder": {
      "version": "27.1.0",
      "resolved": "https://registry.npmjs.org/@ckeditor/ckeditor5-adapter-ckfinder/-/ckeditor5-adapter-ckfinder-27.1.0.tgz",
      "integrity": "sha512-qIuoMosLHf6AaWYs0mkBmdOGRuXg8lTbSg78IanBZy67Z+VZ+cdWnqWpYUhVhFtf8xzu8qwMe8SuScoJSOyjww==",
      "requires": {
        "ckeditor5": "^27.1.0"
      }
    },
    "@ckeditor/ckeditor5-alignment": {
      "version": "27.1.0",
      "resolved": "https://registry.npmjs.org/@ckeditor/ckeditor5-alignment/-/ckeditor5-alignment-27.1.0.tgz",
      "integrity": "sha512-CLYtOMh8AHf2V1VHwbJlVFNupVrf54Cz2e0PS6inSssTQkl9mznouxboi1VJtJbl6EA+JlrR0EjIljf4V8aoGQ==",
      "requires": {
        "ckeditor5": "^27.1.0"
      }
    },
    "@ckeditor/ckeditor5-autoformat": {
      "version": "27.1.0",
      "resolved": "https://registry.npmjs.org/@ckeditor/ckeditor5-autoformat/-/ckeditor5-autoformat-27.1.0.tgz",
      "integrity": "sha512-iFhPa2284DhLpyd6fI3/SCwLdgePDplTzMRccqL5IEfRKBQiTsJDbdilR+q903pBS4ZBBBAszVtR3GSWTW53Sw==",
      "requires": {
        "ckeditor5": "^27.1.0"
      }
    },
    "@ckeditor/ckeditor5-basic-styles": {
      "version": "27.1.0",
      "resolved": "https://registry.npmjs.org/@ckeditor/ckeditor5-basic-styles/-/ckeditor5-basic-styles-27.1.0.tgz",
      "integrity": "sha512-a6pHvmo6z438aVwX5NdJUd5ksNIBOjqvHBUQegCXRvHmkwG/PfiNfTobYSgdyEs7hGi5fna0d9loBWjGGgLKmQ==",
      "requires": {
        "ckeditor5": "^27.1.0"
      }
    },
    "@ckeditor/ckeditor5-block-quote": {
      "version": "27.1.0",
      "resolved": "https://registry.npmjs.org/@ckeditor/ckeditor5-block-quote/-/ckeditor5-block-quote-27.1.0.tgz",
      "integrity": "sha512-V8o4ZklhO6pFnvTpWQZXkQ1wJ4SNf0tOX8KG9oRtm1FxuZ7KRNPJRJ0dW/bvtN3v0tzq0Gx/glcgJMhfjiO/8g==",
      "requires": {
        "ckeditor5": "^27.1.0"
      }
    },
    "@ckeditor/ckeditor5-build-balloon": {
      "version": "27.1.0",
      "resolved": "https://registry.npmjs.org/@ckeditor/ckeditor5-build-balloon/-/ckeditor5-build-balloon-27.1.0.tgz",
      "integrity": "sha512-fqxZHmkkvEvYgXCJDnelrRFHqblDqKQxeqc3xcOnVJqaWmU7JcFHaahIa3K1WMkGqi78QrjeLNvHUMtrB314EQ==",
      "requires": {
        "@ckeditor/ckeditor5-adapter-ckfinder": "^27.1.0",
        "@ckeditor/ckeditor5-autoformat": "^27.1.0",
        "@ckeditor/ckeditor5-basic-styles": "^27.1.0",
        "@ckeditor/ckeditor5-block-quote": "^27.1.0",
        "@ckeditor/ckeditor5-ckfinder": "^27.1.0",
        "@ckeditor/ckeditor5-cloud-services": "^27.1.0",
        "@ckeditor/ckeditor5-easy-image": "^27.1.0",
        "@ckeditor/ckeditor5-editor-balloon": "^27.1.0",
        "@ckeditor/ckeditor5-essentials": "^27.1.0",
        "@ckeditor/ckeditor5-heading": "^27.1.0",
        "@ckeditor/ckeditor5-image": "^27.1.0",
        "@ckeditor/ckeditor5-indent": "^27.1.0",
        "@ckeditor/ckeditor5-link": "^27.1.0",
        "@ckeditor/ckeditor5-list": "^27.1.0",
        "@ckeditor/ckeditor5-media-embed": "^27.1.0",
        "@ckeditor/ckeditor5-paragraph": "^27.1.0",
        "@ckeditor/ckeditor5-paste-from-office": "^27.1.0",
        "@ckeditor/ckeditor5-table": "^27.1.0",
        "@ckeditor/ckeditor5-typing": "^27.1.0"
      }
    },
    "@ckeditor/ckeditor5-build-balloon-block": {
      "version": "27.1.0",
      "resolved": "https://registry.npmjs.org/@ckeditor/ckeditor5-build-balloon-block/-/ckeditor5-build-balloon-block-27.1.0.tgz",
      "integrity": "sha512-m/TedakVR+FVCawPRt1QcftT71dN2Z6KjUkivtpnqJQmHiB6xkMEsSG/O25KtaRal7I+b1S1WP/xP9LyoglYGQ==",
      "requires": {
        "@ckeditor/ckeditor5-adapter-ckfinder": "^27.1.0",
        "@ckeditor/ckeditor5-autoformat": "^27.1.0",
        "@ckeditor/ckeditor5-basic-styles": "^27.1.0",
        "@ckeditor/ckeditor5-block-quote": "^27.1.0",
        "@ckeditor/ckeditor5-ckfinder": "^27.1.0",
        "@ckeditor/ckeditor5-cloud-services": "^27.1.0",
        "@ckeditor/ckeditor5-easy-image": "^27.1.0",
        "@ckeditor/ckeditor5-editor-balloon": "^27.1.0",
        "@ckeditor/ckeditor5-essentials": "^27.1.0",
        "@ckeditor/ckeditor5-heading": "^27.1.0",
        "@ckeditor/ckeditor5-image": "^27.1.0",
        "@ckeditor/ckeditor5-indent": "^27.1.0",
        "@ckeditor/ckeditor5-link": "^27.1.0",
        "@ckeditor/ckeditor5-list": "^27.1.0",
        "@ckeditor/ckeditor5-media-embed": "^27.1.0",
        "@ckeditor/ckeditor5-paragraph": "^27.1.0",
        "@ckeditor/ckeditor5-paste-from-office": "^27.1.0",
        "@ckeditor/ckeditor5-table": "^27.1.0",
        "@ckeditor/ckeditor5-typing": "^27.1.0",
        "@ckeditor/ckeditor5-ui": "^27.1.0"
      }
    },
    "@ckeditor/ckeditor5-build-classic": {
      "version": "27.1.0",
      "resolved": "https://registry.npmjs.org/@ckeditor/ckeditor5-build-classic/-/ckeditor5-build-classic-27.1.0.tgz",
      "integrity": "sha512-cxkYD0Mjz7SuhUfuQ66ThdqrBiPCX65q2oQZvgeXvLK5XiCkinysmpEF2CAVx2Tv2ICB6QdA781uEMozqtJw0w==",
      "requires": {
        "@ckeditor/ckeditor5-adapter-ckfinder": "^27.1.0",
        "@ckeditor/ckeditor5-autoformat": "^27.1.0",
        "@ckeditor/ckeditor5-basic-styles": "^27.1.0",
        "@ckeditor/ckeditor5-block-quote": "^27.1.0",
        "@ckeditor/ckeditor5-ckfinder": "^27.1.0",
        "@ckeditor/ckeditor5-cloud-services": "^27.1.0",
        "@ckeditor/ckeditor5-easy-image": "^27.1.0",
        "@ckeditor/ckeditor5-editor-classic": "^27.1.0",
        "@ckeditor/ckeditor5-essentials": "^27.1.0",
        "@ckeditor/ckeditor5-heading": "^27.1.0",
        "@ckeditor/ckeditor5-image": "^27.1.0",
        "@ckeditor/ckeditor5-indent": "^27.1.0",
        "@ckeditor/ckeditor5-link": "^27.1.0",
        "@ckeditor/ckeditor5-list": "^27.1.0",
        "@ckeditor/ckeditor5-media-embed": "^27.1.0",
        "@ckeditor/ckeditor5-paragraph": "^27.1.0",
        "@ckeditor/ckeditor5-paste-from-office": "^27.1.0",
        "@ckeditor/ckeditor5-table": "^27.1.0",
        "@ckeditor/ckeditor5-typing": "^27.1.0"
      }
    },
    "@ckeditor/ckeditor5-build-decoupled-document": {
      "version": "27.1.0",
      "resolved": "https://registry.npmjs.org/@ckeditor/ckeditor5-build-decoupled-document/-/ckeditor5-build-decoupled-document-27.1.0.tgz",
      "integrity": "sha512-HP5BQlVYolnCd13NuLw5JTt+boVFS7viFjd3SiAOl//a4X6ziLE/tMDLWc5uu/Onrw3TOHtUNSYK7j84lc553Q==",
      "requires": {
        "@ckeditor/ckeditor5-adapter-ckfinder": "^27.1.0",
        "@ckeditor/ckeditor5-alignment": "^27.1.0",
        "@ckeditor/ckeditor5-autoformat": "^27.1.0",
        "@ckeditor/ckeditor5-basic-styles": "^27.1.0",
        "@ckeditor/ckeditor5-block-quote": "^27.1.0",
        "@ckeditor/ckeditor5-ckfinder": "^27.1.0",
        "@ckeditor/ckeditor5-cloud-services": "^27.1.0",
        "@ckeditor/ckeditor5-easy-image": "^27.1.0",
        "@ckeditor/ckeditor5-editor-decoupled": "^27.1.0",
        "@ckeditor/ckeditor5-essentials": "^27.1.0",
        "@ckeditor/ckeditor5-font": "^27.1.0",
        "@ckeditor/ckeditor5-heading": "^27.1.0",
        "@ckeditor/ckeditor5-image": "^27.1.0",
        "@ckeditor/ckeditor5-indent": "^27.1.0",
        "@ckeditor/ckeditor5-link": "^27.1.0",
        "@ckeditor/ckeditor5-list": "^27.1.0",
        "@ckeditor/ckeditor5-media-embed": "^27.1.0",
        "@ckeditor/ckeditor5-paragraph": "^27.1.0",
        "@ckeditor/ckeditor5-paste-from-office": "^27.1.0",
        "@ckeditor/ckeditor5-table": "^27.1.0",
        "@ckeditor/ckeditor5-typing": "^27.1.0"
      }
    },
    "@ckeditor/ckeditor5-build-inline": {
      "version": "27.1.0",
      "resolved": "https://registry.npmjs.org/@ckeditor/ckeditor5-build-inline/-/ckeditor5-build-inline-27.1.0.tgz",
      "integrity": "sha512-YNeM1umaySqsRoWvT/QWWUonNeIAXRb6cgqNG9aEmj4ZhcoeS6AysgTjJIpLIWRZdBXsGR2LR9b/G/4LvkNahA==",
      "requires": {
        "@ckeditor/ckeditor5-adapter-ckfinder": "^27.1.0",
        "@ckeditor/ckeditor5-autoformat": "^27.1.0",
        "@ckeditor/ckeditor5-basic-styles": "^27.1.0",
        "@ckeditor/ckeditor5-block-quote": "^27.1.0",
        "@ckeditor/ckeditor5-ckfinder": "^27.1.0",
        "@ckeditor/ckeditor5-cloud-services": "^27.1.0",
        "@ckeditor/ckeditor5-easy-image": "^27.1.0",
        "@ckeditor/ckeditor5-editor-inline": "^27.1.0",
        "@ckeditor/ckeditor5-essentials": "^27.1.0",
        "@ckeditor/ckeditor5-heading": "^27.1.0",
        "@ckeditor/ckeditor5-image": "^27.1.0",
        "@ckeditor/ckeditor5-indent": "^27.1.0",
        "@ckeditor/ckeditor5-link": "^27.1.0",
        "@ckeditor/ckeditor5-list": "^27.1.0",
        "@ckeditor/ckeditor5-media-embed": "^27.1.0",
        "@ckeditor/ckeditor5-paragraph": "^27.1.0",
        "@ckeditor/ckeditor5-paste-from-office": "^27.1.0",
        "@ckeditor/ckeditor5-table": "^27.1.0",
        "@ckeditor/ckeditor5-typing": "^27.1.0"
      }
    },
    "@ckeditor/ckeditor5-ckfinder": {
      "version": "27.1.0",
      "resolved": "https://registry.npmjs.org/@ckeditor/ckeditor5-ckfinder/-/ckeditor5-ckfinder-27.1.0.tgz",
      "integrity": "sha512-AiuH1dsKF1bA7SP0MAYMANkbEn01+yARw8sekmYU+OgCm+vzylyhkEAykPXhuJBOaosfMWsfVXZHu6kJ+2Yiiw==",
      "requires": {
        "ckeditor5": "^27.1.0"
      }
    },
    "@ckeditor/ckeditor5-clipboard": {
      "version": "27.1.0",
      "resolved": "https://registry.npmjs.org/@ckeditor/ckeditor5-clipboard/-/ckeditor5-clipboard-27.1.0.tgz",
      "integrity": "sha512-nJnJgv8Fuqol2cl6CkbSDwjCu3y8pTS5Y/KJnA/JnTG0QcZczdQTjMIFl3ZP2/53JR5QekATIKmp1wcUAP/L1A==",
      "requires": {
        "@ckeditor/ckeditor5-core": "^27.1.0",
        "@ckeditor/ckeditor5-engine": "^27.1.0",
        "@ckeditor/ckeditor5-utils": "^27.1.0",
        "@ckeditor/ckeditor5-widget": "^27.1.0",
        "lodash-es": "^4.17.11"
      }
    },
    "@ckeditor/ckeditor5-cloud-services": {
      "version": "27.1.0",
      "resolved": "https://registry.npmjs.org/@ckeditor/ckeditor5-cloud-services/-/ckeditor5-cloud-services-27.1.0.tgz",
      "integrity": "sha512-qZQu8f6h1hYdbFCKRiW0w6tiRsWpz3XBnYLrVHzjl+FPYzDSsAHidHOqwOIxW1fah6j8jH2gArTM7pEOLRNonA==",
      "requires": {
        "ckeditor5": "^27.1.0"
      }
    },
    "@ckeditor/ckeditor5-core": {
      "version": "27.1.0",
      "resolved": "https://registry.npmjs.org/@ckeditor/ckeditor5-core/-/ckeditor5-core-27.1.0.tgz",
      "integrity": "sha512-4K30Qw2jYHMt6Yk4+Covi4b39XO3znM7/VPRh7mcq/MBbHxK4dTrX/UBWtsYrgFBg6KPteNKU03aT9GDMsbvBw==",
      "requires": {
        "@ckeditor/ckeditor5-engine": "^27.1.0",
        "@ckeditor/ckeditor5-ui": "^27.1.0",
        "@ckeditor/ckeditor5-utils": "^27.1.0",
        "lodash-es": "^4.17.15"
      }
    },
    "@ckeditor/ckeditor5-easy-image": {
      "version": "27.1.0",
      "resolved": "https://registry.npmjs.org/@ckeditor/ckeditor5-easy-image/-/ckeditor5-easy-image-27.1.0.tgz",
      "integrity": "sha512-JX1VZhDGfZlxcAbeavV+KHfuOkRvvMDzRpLvFGeczeaXveCnMG0txDyiVFNHRR+NpSiCUO5gbTo9XMh4E8STAA==",
      "requires": {
        "ckeditor5": "^27.1.0"
      }
    },
    "@ckeditor/ckeditor5-editor-balloon": {
      "version": "27.1.0",
      "resolved": "https://registry.npmjs.org/@ckeditor/ckeditor5-editor-balloon/-/ckeditor5-editor-balloon-27.1.0.tgz",
      "integrity": "sha512-nJryP78pCevsa9fqyZWpN9npH+UtiRJdQnWJJR+9nRfqzL8t0DdsTmT9MQN7DfND57u7ZVrhGL8+qo+SxO1EIQ==",
      "requires": {
        "ckeditor5": "^27.1.0",
        "lodash-es": "^4.17.15"
      }
    },
    "@ckeditor/ckeditor5-editor-classic": {
      "version": "27.1.0",
      "resolved": "https://registry.npmjs.org/@ckeditor/ckeditor5-editor-classic/-/ckeditor5-editor-classic-27.1.0.tgz",
      "integrity": "sha512-pTPKvqWVTGPF8p0dhvu9VP0vXrb7U1BDoRNI2QZN2gEl7vo6LbREw+vEliJkNy9z+QzjNhmRJW0y3sNyAKlw7A==",
      "requires": {
        "ckeditor5": "^27.1.0",
        "lodash-es": "^4.17.15"
      }
    },
    "@ckeditor/ckeditor5-editor-decoupled": {
      "version": "27.1.0",
      "resolved": "https://registry.npmjs.org/@ckeditor/ckeditor5-editor-decoupled/-/ckeditor5-editor-decoupled-27.1.0.tgz",
      "integrity": "sha512-rcG/pMKN/eVMCjxTGLM4LC36LafcznswYnD9qH4ZSXUEh4lkOehL1Y0C8KYaEzwVZbNc/EUueZCLU4EHROdljg==",
      "requires": {
        "ckeditor5": "^27.1.0",
        "lodash-es": "^4.17.15"
      }
    },
    "@ckeditor/ckeditor5-editor-inline": {
      "version": "27.1.0",
      "resolved": "https://registry.npmjs.org/@ckeditor/ckeditor5-editor-inline/-/ckeditor5-editor-inline-27.1.0.tgz",
      "integrity": "sha512-JfdCe8UmhGrNE8dmHOqwmprpuLXAsPv2DUgfjnTKaDi5E6yNA1ax5J6F6Gq8EJvePvco1UH6qr3R0p6ajeYvgQ==",
      "requires": {
        "ckeditor5": "^27.1.0",
        "lodash-es": "^4.17.15"
      }
    },
    "@ckeditor/ckeditor5-engine": {
      "version": "27.1.0",
      "resolved": "https://registry.npmjs.org/@ckeditor/ckeditor5-engine/-/ckeditor5-engine-27.1.0.tgz",
      "integrity": "sha512-lGvIYexhhCTo5lZqf8EqS25hCpayPY/wQZXvnReFylB24aztUacOBYK2sgNOmwBnzKjpv90Y7GKEpdDL/8CDSg==",
      "requires": {
        "@ckeditor/ckeditor5-utils": "^27.1.0",
        "lodash-es": "^4.17.15"
      }
    },
    "@ckeditor/ckeditor5-enter": {
      "version": "27.1.0",
      "resolved": "https://registry.npmjs.org/@ckeditor/ckeditor5-enter/-/ckeditor5-enter-27.1.0.tgz",
      "integrity": "sha512-vqldhUklSYQhpZDXyVJ9dEvl9zK0V8L5kPXicsONaICmnRO0uRD9Q2zIyv+R62sIrTvF3fTJvDCH4kjZog09lQ==",
      "requires": {
        "@ckeditor/ckeditor5-core": "^27.1.0",
        "@ckeditor/ckeditor5-engine": "^27.1.0",
        "@ckeditor/ckeditor5-utils": "^27.1.0"
      }
    },
    "@ckeditor/ckeditor5-essentials": {
      "version": "27.1.0",
      "resolved": "https://registry.npmjs.org/@ckeditor/ckeditor5-essentials/-/ckeditor5-essentials-27.1.0.tgz",
      "integrity": "sha512-BneCm9uOD4ir+Tji2ADgYVwHWE54bJ6OpZza8UNIKvo9koGaFB5jmT6M2xXwK508RusiRlvgGrd2M4qa7CWM0A==",
      "requires": {
        "ckeditor5": "^27.1.0"
      }
    },
    "@ckeditor/ckeditor5-font": {
      "version": "27.1.0",
      "resolved": "https://registry.npmjs.org/@ckeditor/ckeditor5-font/-/ckeditor5-font-27.1.0.tgz",
      "integrity": "sha512-IKk4/6lD9NdOyuW5aCetsCZTos91MF3q0lPlADxn0F4YHP8VcEZdFxuAb/jKsfcJKPmhcQYJ+kVbcVbL7Vi38A==",
      "requires": {
        "ckeditor5": "^27.1.0"
      }
    },
    "@ckeditor/ckeditor5-heading": {
      "version": "27.1.0",
      "resolved": "https://registry.npmjs.org/@ckeditor/ckeditor5-heading/-/ckeditor5-heading-27.1.0.tgz",
      "integrity": "sha512-KLJXOWns3Hk1CbTl7gxDaO115fYn6eRUz8fBs/wI544qbpyX8xdnVtNGO+9CMbsA7StmIPEBzXAYbnqcIjc6lg==",
      "requires": {
        "ckeditor5": "^27.1.0"
      }
    },
    "@ckeditor/ckeditor5-image": {
      "version": "27.1.0",
      "resolved": "https://registry.npmjs.org/@ckeditor/ckeditor5-image/-/ckeditor5-image-27.1.0.tgz",
      "integrity": "sha512-RN35K95TdWfVQLjravmh7mRjtKXozbIv7Ox0pWRblMwUQO4/miZmNCdkVCae9FtWpTaKGMsehT5pDuACg5MU2A==",
      "requires": {
        "@ckeditor/ckeditor5-ui": "^27.1.0",
        "ckeditor5": "^27.1.0"
      }
    },
    "@ckeditor/ckeditor5-indent": {
      "version": "27.1.0",
      "resolved": "https://registry.npmjs.org/@ckeditor/ckeditor5-indent/-/ckeditor5-indent-27.1.0.tgz",
      "integrity": "sha512-6yswg+LGMwQUWp77FTk1x5dFRfkC+4r2w79R2pT0QX/slw8/4eC32kflaVIKiVN+NoO38SWS48raqMu7iWdybw==",
      "requires": {
        "ckeditor5": "^27.1.0"
      }
    },
    "@ckeditor/ckeditor5-link": {
      "version": "27.1.0",
      "resolved": "https://registry.npmjs.org/@ckeditor/ckeditor5-link/-/ckeditor5-link-27.1.0.tgz",
      "integrity": "sha512-BCLvzqoFFWTNploi0WX9/Qn+zxmPN3gSySX4B4yTAl8K9mdJ6/diRXsWFjuzgt80Lp1USIX7MeGLJvxeep5tlw==",
      "requires": {
        "@ckeditor/ckeditor5-ui": "^27.1.0",
        "ckeditor5": "^27.1.0",
        "lodash-es": "^4.17.15"
      }
    },
    "@ckeditor/ckeditor5-list": {
      "version": "27.1.0",
      "resolved": "https://registry.npmjs.org/@ckeditor/ckeditor5-list/-/ckeditor5-list-27.1.0.tgz",
      "integrity": "sha512-Cq9lAnxpx6OrIQuOdqfy+O4JuUh30NVUHFhzJvj0A+p5pLOESyOkchZ2tRNYoK5J7pWJFi/rmM0uvCE3ESouRg==",
      "requires": {
        "ckeditor5": "^27.1.0"
      }
    },
    "@ckeditor/ckeditor5-media-embed": {
      "version": "27.1.0",
      "resolved": "https://registry.npmjs.org/@ckeditor/ckeditor5-media-embed/-/ckeditor5-media-embed-27.1.0.tgz",
      "integrity": "sha512-yINfmdvkO7W+hGadquuRr2X20eDS+2ewijhzdbegp+YWuARzTLdvrUTydtLY5IsCSzK5/80P4hYIKSw49IAAiQ==",
      "requires": {
        "@ckeditor/ckeditor5-ui": "^27.1.0",
        "ckeditor5": "^27.1.0"
      }
    },
    "@ckeditor/ckeditor5-paragraph": {
      "version": "27.1.0",
      "resolved": "https://registry.npmjs.org/@ckeditor/ckeditor5-paragraph/-/ckeditor5-paragraph-27.1.0.tgz",
      "integrity": "sha512-zNy+GzWgcf0Oo/AshtwDbfgwQ8UlR1rs3tQpSPyYU7/8FbrqrdVv6JUzUlsBqcMHi06O+RT4HT5yFEaOYYbUVg==",
      "requires": {
        "@ckeditor/ckeditor5-core": "^27.1.0",
        "@ckeditor/ckeditor5-ui": "^27.1.0",
        "@ckeditor/ckeditor5-utils": "^27.1.0"
      }
    },
    "@ckeditor/ckeditor5-paste-from-office": {
      "version": "27.1.0",
      "resolved": "https://registry.npmjs.org/@ckeditor/ckeditor5-paste-from-office/-/ckeditor5-paste-from-office-27.1.0.tgz",
      "integrity": "sha512-G+pQPSXH0QDHBKLZ+xQ3aaqgyqF3kRqBZHW/KWaJBzEmqFrgQSeGfuFnQmrQNInOuTJ/9wLF2ZRiyLZP6rbzow==",
      "requires": {
        "ckeditor5": "^27.1.0"
      }
    },
    "@ckeditor/ckeditor5-select-all": {
      "version": "27.1.0",
      "resolved": "https://registry.npmjs.org/@ckeditor/ckeditor5-select-all/-/ckeditor5-select-all-27.1.0.tgz",
      "integrity": "sha512-vTFgOpKNOLmBYEaK6pA/7XFzUZ6jaXChLVk1PW5LpfadAZ01xlL8ZK3YF4ZIQSjKct6LJgCF3BqfKpWgHvnObw==",
      "requires": {
        "@ckeditor/ckeditor5-core": "^27.1.0",
        "@ckeditor/ckeditor5-ui": "^27.1.0",
        "@ckeditor/ckeditor5-utils": "^27.1.0"
      }
    },
    "@ckeditor/ckeditor5-table": {
      "version": "27.1.0",
      "resolved": "https://registry.npmjs.org/@ckeditor/ckeditor5-table/-/ckeditor5-table-27.1.0.tgz",
      "integrity": "sha512-2k0LEli45lD0vRu+sLj5Gs5o+kcDLg6IiMUB7/GtM+SN9JAclN1ZPtodagOCafR3rrkeixayZ4Lk0vomjuCtKw==",
      "requires": {
        "ckeditor5": "^27.1.0",
        "lodash-es": "^4.17.15"
      }
    },
    "@ckeditor/ckeditor5-typing": {
      "version": "27.1.0",
      "resolved": "https://registry.npmjs.org/@ckeditor/ckeditor5-typing/-/ckeditor5-typing-27.1.0.tgz",
      "integrity": "sha512-MfwNEYaAuaz1kPyHwfT1gtRE4DwnjaYwRbW9EH53Dsu+eSTCAc/4A0z+VVJ4aBlRADkPeNAQ3ecK0kVJNb55yw==",
      "requires": {
        "@ckeditor/ckeditor5-core": "^27.1.0",
        "@ckeditor/ckeditor5-engine": "^27.1.0",
        "@ckeditor/ckeditor5-utils": "^27.1.0",
        "lodash-es": "^4.17.15"
      }
    },
    "@ckeditor/ckeditor5-ui": {
      "version": "27.1.0",
      "resolved": "https://registry.npmjs.org/@ckeditor/ckeditor5-ui/-/ckeditor5-ui-27.1.0.tgz",
      "integrity": "sha512-rGzGjgxSZjKFpkUB0MjpvYqQW9lZNVinBpBgOD/j0Q8OZ/HohLIJJBRaQbEKLJgIR0BXPNPQSC4NQt44Vc1YBw==",
      "requires": {
        "@ckeditor/ckeditor5-utils": "^27.1.0",
        "ckeditor5": "^27.1.0",
        "lodash-es": "^4.17.15"
      }
    },
    "@ckeditor/ckeditor5-undo": {
      "version": "27.1.0",
      "resolved": "https://registry.npmjs.org/@ckeditor/ckeditor5-undo/-/ckeditor5-undo-27.1.0.tgz",
      "integrity": "sha512-Z/iBrfcXgYOj5NBgqZqodvQ0tMhIqaErMamIX2DU0XCUbcWDomU+z5gHAHj6JzmX8C3cwpOhivOvgX2A+dUvAg==",
      "requires": {
        "@ckeditor/ckeditor5-core": "^27.1.0",
        "@ckeditor/ckeditor5-engine": "^27.1.0",
        "@ckeditor/ckeditor5-ui": "^27.1.0"
      }
    },
    "@ckeditor/ckeditor5-upload": {
      "version": "27.1.0",
      "resolved": "https://registry.npmjs.org/@ckeditor/ckeditor5-upload/-/ckeditor5-upload-27.1.0.tgz",
      "integrity": "sha512-VYqvxl8zI9C2Lt3RFlqJv8li0p3yRCRpnyU1yRCzQCwihZMq4nK111C6IBAiUt7cdWPVPfP8vlPKzA2S0q1Tig==",
      "requires": {
        "@ckeditor/ckeditor5-core": "^27.1.0",
        "@ckeditor/ckeditor5-ui": "^27.1.0",
        "@ckeditor/ckeditor5-utils": "^27.1.0"
      }
    },
    "@ckeditor/ckeditor5-utils": {
      "version": "27.1.0",
      "resolved": "https://registry.npmjs.org/@ckeditor/ckeditor5-utils/-/ckeditor5-utils-27.1.0.tgz",
      "integrity": "sha512-7hFK2jUmUJEcgYITr0YtXVf1/FZkOPgMG/wAkOfpd2EYZJ31szNXVFRiYucmxpdRYvqJ4F1YsQQcRITcMc5twg==",
      "requires": {
        "lodash-es": "^4.17.15"
      }
    },
    "@ckeditor/ckeditor5-widget": {
      "version": "27.1.0",
      "resolved": "https://registry.npmjs.org/@ckeditor/ckeditor5-widget/-/ckeditor5-widget-27.1.0.tgz",
      "integrity": "sha512-DpdwcWjXKHxoOZmFmc+2vIq8Nr4hA5140zxO3IIMrUiydcZJyOp2atHiPV7idBi5gR8ct+asQ3nW+cwVELQuhQ==",
      "requires": {
        "@ckeditor/ckeditor5-core": "^27.1.0",
        "@ckeditor/ckeditor5-engine": "^27.1.0",
        "@ckeditor/ckeditor5-enter": "^27.1.0",
        "@ckeditor/ckeditor5-typing": "^27.1.0",
        "@ckeditor/ckeditor5-ui": "^27.1.0",
        "@ckeditor/ckeditor5-utils": "^27.1.0",
        "lodash-es": "^4.17.15"
      }
    },
    "bignumber.js": {
      "version": "9.0.0",
      "resolved": "https://registry.npmjs.org/bignumber.js/-/bignumber.js-9.0.0.tgz",
      "integrity": "sha512-t/OYhhJ2SD+YGBQcjY8GzzDHEk9f3nerxjtfa6tlMXfe7frs/WozhvCNoGvpM0P3bNf3Gq5ZRMlGr5f3r4/N8A=="
    },
    "ckeditor5": {
      "version": "27.1.0",
      "resolved": "https://registry.npmjs.org/ckeditor5/-/ckeditor5-27.1.0.tgz",
      "integrity": "sha512-XBoMqrML4mmQozSBXgZfFUBJPN3ErTls0wQhP8YkOiglhNXSBaLIE07QKcB0/H/lA2luqxijJGSXw7sr5SWE1A==",
      "requires": {
        "@ckeditor/ckeditor5-clipboard": "^27.1.0",
        "@ckeditor/ckeditor5-core": "^27.1.0",
        "@ckeditor/ckeditor5-engine": "^27.1.0",
        "@ckeditor/ckeditor5-enter": "^27.1.0",
        "@ckeditor/ckeditor5-paragraph": "^27.1.0",
        "@ckeditor/ckeditor5-select-all": "^27.1.0",
        "@ckeditor/ckeditor5-typing": "^27.1.0",
        "@ckeditor/ckeditor5-ui": "^27.1.0",
        "@ckeditor/ckeditor5-undo": "^27.1.0",
        "@ckeditor/ckeditor5-upload": "^27.1.0",
        "@ckeditor/ckeditor5-utils": "^27.1.0",
        "@ckeditor/ckeditor5-widget": "^27.1.0"
      }
    },
    "core-util-is": {
      "version": "1.0.2",
      "resolved": "https://registry.npmjs.org/core-util-is/-/core-util-is-1.0.2.tgz",
      "integrity": "sha1-tf1UIgqivFq1eqtxQMlAdUUDwac="
    },
    "inherits": {
      "version": "2.0.4",
      "resolved": "https://registry.npmjs.org/inherits/-/inherits-2.0.4.tgz",
      "integrity": "sha512-k/vGaX4/Yla3WzyMCvTQOXYeIHvqOKtnqBduzTHpzpQZzAskKMhZ2K+EnBiSM9zGSoIFeMpXKxa4dYeZIQqewQ=="
    },
    "isarray": {
      "version": "1.0.0",
      "resolved": "https://registry.npmjs.org/isarray/-/isarray-1.0.0.tgz",
      "integrity": "sha1-u5NdSFgsuhaMBoNJV6VKPgcSTxE="
    },
    "lodash-es": {
      "version": "4.17.21",
      "resolved": "https://registry.npmjs.org/lodash-es/-/lodash-es-4.17.21.tgz",
      "integrity": "sha512-mKnC+QJ9pWVzv+C4/U3rRsHapFfHvQFoFB92e52xeyGMcX6/OlIl78je1u8vePzYZSkkogMPJ2yjxxsb89cxyw=="
    },
    "mysql": {
      "version": "2.18.1",
      "resolved": "https://registry.npmjs.org/mysql/-/mysql-2.18.1.tgz",
      "integrity": "sha512-Bca+gk2YWmqp2Uf6k5NFEurwY/0td0cpebAucFpY/3jhrwrVGuxU2uQFCHjU19SJfje0yQvi+rVWdq78hR5lig==",
      "requires": {
        "bignumber.js": "9.0.0",
        "readable-stream": "2.3.7",
        "safe-buffer": "5.1.2",
        "sqlstring": "2.3.1"
      }
    },
    "process-nextick-args": {
      "version": "2.0.1",
      "resolved": "https://registry.npmjs.org/process-nextick-args/-/process-nextick-args-2.0.1.tgz",
      "integrity": "sha512-3ouUOpQhtgrbOa17J7+uxOTpITYWaGP7/AhoR3+A+/1e9skrzelGi/dXzEYyvbxubEF6Wn2ypscTKiKJFFn1ag=="
    },
    "readable-stream": {
      "version": "2.3.7",
      "resolved": "https://registry.npmjs.org/readable-stream/-/readable-stream-2.3.7.tgz",
      "integrity": "sha512-Ebho8K4jIbHAxnuxi7o42OrZgF/ZTNcsZj6nRKyUmkhLFq8CHItp/fy6hQZuZmP/n3yZ9VBUbp4zz/mX8hmYPw==",
      "requires": {
        "core-util-is": "~1.0.0",
        "inherits": "~2.0.3",
        "isarray": "~1.0.0",
        "process-nextick-args": "~2.0.0",
        "safe-buffer": "~5.1.1",
        "string_decoder": "~1.1.1",
        "util-deprecate": "~1.0.1"
      }
    },
    "safe-buffer": {
      "version": "5.1.2",
      "resolved": "https://registry.npmjs.org/safe-buffer/-/safe-buffer-5.1.2.tgz",
      "integrity": "sha512-Gd2UZBJDkXlY7GbJxfsE8/nvKkUEU1G38c1siN6QP6a9PT9MmHB8GnpscSmMJSoF8LOIrt8ud/wPtojys4G6+g=="
    },
    "sqlstring": {
      "version": "2.3.1",
      "resolved": "https://registry.npmjs.org/sqlstring/-/sqlstring-2.3.1.tgz",
      "integrity": "sha1-R1OT/56RR5rqYtyvDKPRSYOn+0A="
    },
    "string_decoder": {
      "version": "1.1.1",
      "resolved": "https://registry.npmjs.org/string_decoder/-/string_decoder-1.1.1.tgz",
      "integrity": "sha512-n/ShnvDi6FHbbVfviro+WojiFzv+s8MPMHBczVePfUpDJLwoLT0ht1l4YwBCbi8pJAveEEdnkHyPyTP/mzRfwg==",
      "requires": {
        "safe-buffer": "~5.1.0"
      }
    },
    "util-deprecate": {
      "version": "1.0.2",
      "resolved": "https://registry.npmjs.org/util-deprecate/-/util-deprecate-1.0.2.tgz",
      "integrity": "sha1-RQ1Nyfpw3nMnYvvS1KKJgUGaDM8="
    }
  }
}
